
Microsoft Visual Studio Solution File, Format Version 12.00
# Visual Studio Version 17
VisualStudioVersion = 17.7.34018.315
MinimumVisualStudioVersion = 10.0.40219.1
Project("{FAE04EC0-301F-11D3-BF4B-00C04F79EFBC}") = "Lab1", "Lab1\Lab1.csproj", "{4DF774AD-5670-4139-B8C0-85330A0D2B76}"
EndProject
Global
	GlobalSection(SolutionConfigurationPlatforms) = preSolution
		Debug|Any CPU = Debug|Any CPU
		Release|Any CPU = Release|Any CPU
	EndGlobalSection
	GlobalSection(ProjectConfigurationPlatforms) = postSolution
		{4DF774AD-5670-4139-B8C0-85330A0D2B76}.Debug|Any CPU.ActiveCfg = Debug|Any CPU
		{4DF774AD-5670-4139-B8C0-85330A0D2B76}.Debug|Any CPU.Build.0 = Debug|Any CPU
		{4DF774AD-5670-4139-B8C0-85330A0D2B76}.Release|Any CPU.ActiveCfg = Release|Any CPU
		{4DF774AD-5670-4139-B8C0-85330A0D2B76}.Release|Any CPU.Build.0 = Release|Any CPU
	EndGlobalSection
	GlobalSection(SolutionProperties) = preSolution
		HideSolutionNode = FALSE
	EndGlobalSection
	GlobalSection(ExtensibilityGlobals) = postSolution
		SolutionGuid = {ABCF985A-4D66-4B00-8DB3-60DE47B9232E}
	EndGlobalSection
EndGlobal
